
Microsoft Visual Studio Solution File, Format Version 12.00
# Visual Studio 15
VisualStudioVersion = 15.0.27428.2015
MinimumVisualStudioVersion = 10.0.40219.1
Project("{9A19103F-16F7-4668-BE54-9A1E7A4F7556}") = "FileInformationEngine", "S01FileInformation\FileInformationEngine.csproj", "{1F267EA9-3610-48C8-8F1B-54DB42B3F5EF}"
EndProject
Project("{FAE04EC0-301F-11D3-BF4B-00C04F79EFBC}") = "FileInformationEngine.Logic", "FileInformationEngine\FileInformationEngine.Logic.csproj", "{E0F9530F-E7D5-4E52-B8BB-92AA91A2BC53}"
EndProject
Global
	GlobalSection(SolutionConfigurationPlatforms) = preSolution
		Debug|Any CPU = Debug|Any CPU
		Release|Any CPU = Release|Any CPU
	EndGlobalSection
	GlobalSection(ProjectConfigurationPlatforms) = postSolution
		{1F267EA9-3610-48C8-8F1B-54DB42B3F5EF}.Debug|Any CPU.ActiveCfg = Debug|Any CPU
		{1F267EA9-3610-48C8-8F1B-54DB42B3F5EF}.Debug|Any CPU.Build.0 = Debug|Any CPU
		{1F267EA9-3610-48C8-8F1B-54DB42B3F5EF}.Release|Any CPU.ActiveCfg = Release|Any CPU
		{1F267EA9-3610-48C8-8F1B-54DB42B3F5EF}.Release|Any CPU.Build.0 = Release|Any CPU
		{E0F9530F-E7D5-4E52-B8BB-92AA91A2BC53}.Debug|Any CPU.ActiveCfg = Debug|Any CPU
		{E0F9530F-E7D5-4E52-B8BB-92AA91A2BC53}.Debug|Any CPU.Build.0 = Debug|Any CPU
		{E0F9530F-E7D5-4E52-B8BB-92AA91A2BC53}.Release|Any CPU.ActiveCfg = Release|Any CPU
		{E0F9530F-E7D5-4E52-B8BB-92AA91A2BC53}.Release|Any CPU.Build.0 = Release|Any CPU
	EndGlobalSection
	GlobalSection(SolutionProperties) = preSolution
		HideSolutionNode = FALSE
	EndGlobalSection
	GlobalSection(ExtensibilityGlobals) = postSolution
		SolutionGuid = {A91B182F-4214-4BD4-B31E-B5B56B8EC45A}
	EndGlobalSection
EndGlobal
